# This file was autogenerated by uv via the following command:
#    uv pip compile --universal pyproject.toml -o requirements.lock
aiohappyeyeballs==2.7.1
    # via aiohttp
aiohttp==3.14.3
    # via elasticsearch
aiosignal==1.4.0
    # via aiohttp
annotated-doc==0.0.5
    # via fastapi
annotated-types==0.8.0
    # via pydantic
anyio==4.15.1
    # via
    #   starlette
    #   watchfiles
asyncpg==0.31.0
    # via document-search (pyproject.toml)
attrs==26.1.0
    # via aiohttp
certifi==2026.7.22
    # via elastic-transport
click==8.5.0
    # via uvicorn
elastic-transport==8.19.0
    # via elasticsearch
elasticsearch==8.19.3
    # via document-search (pyproject.toml)
fastapi==0.142.2
    # via document-search (pyproject.toml)
frozenlist==1.8.0
    # via
    #   aiohttp
    #   aiosignal
h11==0.16.0
    # via uvicorn
httptools==0.8.0
    # via uvicorn
idna==3.20
    # via
    #   anyio
    #   yarl
multidict==6.9.1
    # via
    #   aiohttp
    #   yarl
opentelemetry-api==1.45.0
    # via fastapi
propcache==0.5.4
    # via
    #   aiohttp
    #   yarl
pydantic==2.13.5
    # via
    #   document-search (pyproject.toml)
    #   fastapi
    #   pydantic-settings
pydantic-core==2.46.5
    # via pydantic
pydantic-settings==2.15.0
    # via document-search (pyproject.toml)
python-dateutil==2.9.0.post0
    # via elasticsearch
python-dotenv==1.2.4
    # via
    #   pydantic-settings
    #   uvicorn
pyyaml==6.0.3
    # via uvicorn
six==1.17.0
    # via python-dateutil
starlette==1.7.0
    # via fastapi
typing-extensions==4.16.0
    # via
    #   aiohttp
    #   aiosignal
    #   anyio
    #   elasticsearch
    #   fastapi
    #   opentelemetry-api
    #   pydantic
    #   pydantic-core
    #   starlette
    #   typing-inspection
typing-inspection==0.4.4
    # via
    #   fastapi
    #   pydantic
    #   pydantic-settings
urllib3==2.8.0
    # via elastic-transport
uvicorn==0.54.0
    # via document-search (pyproject.toml)
uvloop==0.23.0 ; platform_python_implementation != 'PyPy' and sys_platform != 'cygwin' and sys_platform != 'win32'
    # via uvicorn
watchfiles==1.3.0
    # via uvicorn
websockets==17.2
    # via uvicorn
yarl==1.25.1
    # via aiohttp
